
Microsoft Visual Studio Solution File, Format Version 12.00
# Visual Studio Version 16
VisualStudioVersion = 16.0.30804.86
MinimumVisualStudioVersion = 10.0.40219.1
Project("{9A19103F-16F7-4668-BE54-9A1E7A4F7556}") = "BlogLab.Web", "BlogLab.Web\BlogLab.Web.csproj", "{05AC5B5E-6E11-4200-8324-0EBCA13CE6BE}"
EndProject
Project("{9A19103F-16F7-4668-BE54-9A1E7A4F7556}") = "BlogLab.Models", "BlogLab.Models\BlogLab.Models.csproj", "{7AA40E3B-119D-48B7-B5A0-EB6E516035FF}"
EndProject
Project("{9A19103F-16F7-4668-BE54-9A1E7A4F7556}") = "BlogLab.Repository", "BlogLab.Repository\BlogLab.Repository.csproj", "{8EF0B6B7-CDC1-4DA8-B1B9-C282F7110127}"
EndProject
Project("{FAE04EC0-301F-11D3-BF4B-00C04F79EFBC}") = "BlogLab.Identity", "BlogLab.Identity\BlogLab.Identity.csproj", "{633EE5A5-4D7B-43FF-8DC3-DC7F3891D1FB}"
EndProject
Global
	GlobalSection(SolutionConfigurationPlatforms) = preSolution
		Debug|Any CPU = Debug|Any CPU
		Release|Any CPU = Release|Any CPU
	EndGlobalSection
	GlobalSection(ProjectConfigurationPlatforms) = postSolution
		{05AC5B5E-6E11-4200-8324-0EBCA13CE6BE}.Debug|Any CPU.ActiveCfg = Debug|Any CPU
		{05AC5B5E-6E11-4200-8324-0EBCA13CE6BE}.Debug|Any CPU.Build.0 = Debug|Any CPU
		{05AC5B5E-6E11-4200-8324-0EBCA13CE6BE}.Release|Any CPU.ActiveCfg = Release|Any CPU
		{05AC5B5E-6E11-4200-8324-0EBCA13CE6BE}.Release|Any CPU.Build.0 = Release|Any CPU
		{7AA40E3B-119D-48B7-B5A0-EB6E516035FF}.Debug|Any CPU.ActiveCfg = Debug|Any CPU
		{7AA40E3B-119D-48B7-B5A0-EB6E516035FF}.Debug|Any CPU.Build.0 = Debug|Any CPU
		{7AA40E3B-119D-48B7-B5A0-EB6E516035FF}.Release|Any CPU.ActiveCfg = Release|Any CPU
		{7AA40E3B-119D-48B7-B5A0-EB6E516035FF}.Release|Any CPU.Build.0 = Release|Any CPU
		{8EF0B6B7-CDC1-4DA8-B1B9-C282F7110127}.Debug|Any CPU.ActiveCfg = Debug|Any CPU
		{8EF0B6B7-CDC1-4DA8-B1B9-C282F7110127}.Debug|Any CPU.Build.0 = Debug|Any CPU
		{8EF0B6B7-CDC1-4DA8-B1B9-C282F7110127}.Release|Any CPU.ActiveCfg = Release|Any CPU
		{8EF0B6B7-CDC1-4DA8-B1B9-C282F7110127}.Release|Any CPU.Build.0 = Release|Any CPU
		{633EE5A5-4D7B-43FF-8DC3-DC7F3891D1FB}.Debug|Any CPU.ActiveCfg = Debug|Any CPU
		{633EE5A5-4D7B-43FF-8DC3-DC7F3891D1FB}.Debug|Any CPU.Build.0 = Debug|Any CPU
		{633EE5A5-4D7B-43FF-8DC3-DC7F3891D1FB}.Release|Any CPU.ActiveCfg = Release|Any CPU
		{633EE5A5-4D7B-43FF-8DC3-DC7F3891D1FB}.Release|Any CPU.Build.0 = Release|Any CPU
	EndGlobalSection
	GlobalSection(SolutionProperties) = preSolution
		HideSolutionNode = FALSE
	EndGlobalSection
	GlobalSection(ExtensibilityGlobals) = postSolution
		SolutionGuid = {CF5A560D-3A91-46EA-B939-70676797BDDF}
	EndGlobalSection
EndGlobal
